// !$*UTF8*$!
{
	archiveVersion = 1;
	classes = {
	};
	objectVersion = 56;
	objects = {

/* Begin PBXBuildFile section */
		42E198952A64B78B00D21ACF /* AppDelegate.swift in Sources */ = {isa = PBXBuildFile; fileRef = 42E198942A64B78B00D21ACF /* AppDelegate.swift */; };
		42E198972A64B78B00D21ACF /* SceneDelegate.swift in Sources */ = {isa = PBXBuildFile; fileRef = 42E198962A64B78B00D21ACF /* SceneDelegate.swift */; };
		42E198992A64B78B00D21ACF /* ViewController.swift in Sources */ = {isa = PBXBuildFile; fileRef = 42E198982A64B78B00D21ACF /* ViewController.swift */; };
		42E1989E2A64B78D00D21ACF /* Assets.xcassets in Resources */ = {isa = PBXBuildFile; fileRef = 42E1989D2A64B78D00D21ACF /* Assets.xcassets */; };
		42E198A12A64B78D00D21ACF /* LaunchScreen.storyboard in Resources */ = {isa = PBXBuildFile; fileRef = 42E1989F2A64B78D00D21ACF /* LaunchScreen.storyboard */; };
		42E198AA2A64BCDF00D21ACF /* AlertManager.swift in Sources */ = {isa = PBXBuildFile; fileRef = 42E198A92A64BCDF00D21ACF /* AlertManager.swift */; };
/* End PBXBuildFile section */

/* Begin PBXFileReference section */
		42E198912A64B78B00D21ACF /* AlertTutorial.app */ = {isa = PBXFileReference; explicitFileType = wrapper.application; includeInIndex = 0; path = AlertTutorial.app; sourceTree = BUILT_PRODUCTS_DIR; };
		42E198942A64B78B00D21ACF /* AppDelegate.swift */ = {isa = PBXFileReference; lastKnownFileType = sourcecode.swift; path = AppDelegate.swift; sourceTree = "<group>"; };
		42E198962A64B78B00D21ACF /* SceneDelegate.swift */ = {isa = PBXFileReference; lastKnownFileType = sourcecode.swift; path = SceneDelegate.swift; sourceTree = "<group>"; };
		42E198982A64B78B00D21ACF /* ViewController.swift */ = {isa = PBXFileReference; lastKnownFileType = sourcecode.swift; path = ViewController.swift; sourceTree = "<group>"; };
		42E1989D2A64B78D00D21ACF /* Assets.xcassets */ = {isa = PBXFileReference; lastKnownFileType = folder.assetcatalog; path = Assets.xcassets; sourceTree = "<group>"; };
		42E198A02A64B78D00D21ACF /* Base */ = {isa = PBXFileReference; lastKnownFileType = file.storyboard; name = Base; path = Base.lproj/LaunchScreen.storyboard; sourceTree = "<group>"; };
		42E198A22A64B78D00D21ACF /* Info.plist */ = {isa = PBXFileReference; lastKnownFileType = text.plist.xml; path = Info.plist; sourceTree = "<group>"; };
		42E198A92A64BCDF00D21ACF /* AlertManager.swift */ = {isa = PBXFileReference; lastKnownFileType = sourcecode.swift; path = AlertManager.swift; sourceTree = "<group>"; };
/* End PBXFileReference section */

/* Begin PBXFrameworksBuildPhase section */
		42E1988E2A64B78B00D21ACF /* Frameworks */ = {
			isa = PBXFrameworksBuildPhase;
			buildActionMask = 2147483647;
			files = (
			);
			runOnlyForDeploymentPostprocessing = 0;
		};
/* End PBXFrameworksBuildPhase section */

/* Begin PBXGroup section */
		42E198882A64B78B00D21ACF = {
			isa = PBXGroup;
			children = (
				42E198932A64B78B00D21ACF /* AlertTutorial */,
				42E198922A64B78B00D21ACF /* Products */,
			);
			sourceTree = "<group>";
		};
		42E198922A64B78B00D21ACF /* Products */ = {
			isa = PBXGroup;
			children = (
				42E198912A64B78B00D21ACF /* AlertTutorial.app */,
			);
			name = Products;
			sourceTree = "<group>";
		};
		42E198932A64B78B00D21ACF /* AlertTutorial */ = {
			isa = PBXGroup;
			children = (
				42E198982A64B78B00D21ACF /* ViewController.swift */,
				42E198A92A64BCDF00D21ACF /* AlertManager.swift */,
				42E198A82A64B7D800D21ACF /* Supporting */,
				42E198A22A64B78D00D21ACF /* Info.plist */,
			);
			path = AlertTutorial;
			sourceTree = "<group>";
		};
		42E198A82A64B7D800D21ACF /* Supporting */ = {
			isa = PBXGroup;
			children = (
				42E198942A64B78B00D21ACF /* AppDelegate.swift */,
				42E198962A64B78B00D21ACF /* SceneDelegate.swift */,
				42E1989D2A64B78D00D21ACF /* Assets.xcassets */,
				42E1989F2A64B78D00D21ACF /* LaunchScreen.storyboard */,
			);
			path = Supporting;
			sourceTree = "<group>";
		};
/* End PBXGroup section */

/* Begin PBXNativeTarget section */
		42E198902A64B78B00D21ACF /* AlertTutorial */ = {
			isa = PBXNativeTarget;
			buildConfigurationList = 42E198A52A64B78D00D21ACF /* Build configuration list for PBXNativeTarget "AlertTutorial" */;
			buildPhases = (
				42E1988D2A64B78B00D21ACF /* Sources */,
				42E1988E2A64B78B00D21ACF /* Frameworks */,
				42E1988F2A64B78B00D21ACF /* Resources */,
			);
			buildRules = (
			);
			dependencies = (
			);
			name = AlertTutorial;
			productName = AlertTutorial;
			productReference = 42E198912A64B78B00D21ACF /* AlertTutorial.app */;
			productType = "com.apple.product-type.application";
		};
/* End PBXNativeTarget section */

/* Begin PBXProject section */
		42E198892A64B78B00D21ACF /* Project object */ = {
			isa = PBXProject;
			attributes = {
				BuildIndependentTargetsInParallel = 1;
				LastSwiftUpdateCheck = 1420;
				LastUpgradeCheck = 1420;
				TargetAttributes = {
					42E198902A64B78B00D21ACF = {
						CreatedOnToolsVersion = 14.2;
					};
				};
			};
			buildConfigurationList = 42E1988C2A64B78B00D21ACF /* Build configuration list for PBXProject "AlertTutorial" */;
			compatibilityVersion = "Xcode 14.0";
			developmentRegion = en;
			hasScannedForEncodings = 0;
			knownRegions = (
				en,
				Base,
			);
			mainGroup = 42E198882A64B78B00D21ACF;
			productRefGroup = 42E198922A64B78B00D21ACF /* Products */;
			projectDirPath = "";
			projectRoot = "";
			targets = (
				42E198902A64B78B00D21ACF /* AlertTutorial */,
			);
		};
/* End PBXProject section */

/* Begin PBXResourcesBuildPhase section */
		42E1988F2A64B78B00D21ACF /* Resources */ = {
			isa = PBXResourcesBuildPhase;
			buildActionMask = 2147483647;
			files = (
				42E198A12A64B78D00D21ACF /* LaunchScreen.storyboard in Resources */,
				42E1989E2A64B78D00D21ACF /* Assets.xcassets in Resources */,
			);
			runOnlyForDeploymentPostprocessing = 0;
		};
/* End PBXResourcesBuildPhase section */

/* Begin PBXSourcesBuildPhase section */
		42E1988D2A64B78B00D21ACF /* Sources */ = {
			isa = PBXSourcesBuildPhase;
			buildActionMask = 2147483647;
			files = (
				42E198AA2A64BCDF00D21ACF /* AlertManager.swift in Sources */,
				42E198992A64B78B00D21ACF /* ViewController.swift in Sources */,
				42E198952A64B78B00D21ACF /* AppDelegate.swift in Sources */,
				42E198972A64B78B00D21ACF /* SceneDelegate.swift in Sources */,
			);
			runOnlyForDeploymentPostprocessing = 0;
		};
/* End PBXSourcesBuildPhase section */

/* Begin PBXVariantGroup section */
		42E1989F2A64B78D00D21ACF /* LaunchScreen.storyboard */ = {
			isa = PBXVariantGroup;
			children = (
				42E198A02A64B78D00D21ACF /* Base */,
			);
			name = LaunchScreen.storyboard;
			sourceTree = "<group>";
		};
/* End PBXVariantGroup section */

/* Begin XCBuildConfiguration section */
		42E198A32A64B78D00D21ACF /* Debug */ = {
			isa = XCBuildConfiguration;
			buildSettings = {
				ALWAYS_SEARCH_USER_PATHS = NO;
				CLANG_ANALYZER_NONNULL = YES;
				CLANG_ANALYZER_NUMBER_OBJECT_CONVERSION = YES_AGGRESSIVE;
				CLANG_CXX_LANGUAGE_STANDARD = "gnu++20";
				CLANG_ENABLE_MODULES = YES;
				CLANG_ENABLE_OBJC_ARC = YES;
				CLANG_ENABLE_OBJC_WEAK = YES;
				CLANG_WARN_BLOCK_CAPTURE_AUTORELEASING = YES;
				CLANG_WARN_BOOL_CONVERSION = YES;
				CLANG_WARN_COMMA = YES;
				CLANG_WARN_CONSTANT_CONVERSION = YES;
				CLANG_WARN_DEPRECATED_OBJC_IMPLEMENTATIONS = YES;
				CLANG_WARN_DIRECT_OBJC_ISA_USAGE = YES_ERROR;
				CLANG_WARN_DOCUMENTATION_COMMENTS = YES;
				CLANG_WARN_EMPTY_BODY = YES;
				CLANG_WARN_ENUM_CONVERSION = YES;
				CLANG_WARN_INFINITE_RECURSION = YES;
				CLANG_WARN_INT_CONVERSION = YES;
				CLANG_WARN_NON_LITERAL_NULL_CONVERSION = YES;
				CLANG_WARN_OBJC_IMPLICIT_RETAIN_SELF = YES;
				CLANG_WARN_OBJC_LITERAL_CONVERSION = YES;
				CLANG_WARN_OBJC_ROOT_CLASS = YES_ERROR;
				CLANG_WARN_QUOTED_INCLUDE_IN_FRAMEWORK_HEADER = YES;
				CLANG_WARN_RANGE_LOOP_ANALYSIS = YES;
				CLANG_WARN_STRICT_PROTOTYPES = YES;
				CLANG_WARN_SUSPICIOUS_MOVE = YES;
				CLANG_WARN_UNGUARDED_AVAILABILITY = YES_AGGRESSIVE;
				CLANG_WARN_UNREACHABLE_CODE = YES;
				CLANG_WARN__DUPLICATE_METHOD_MATCH = YES;
				COPY_PHASE_STRIP = NO;
				DEBUG_INFORMATION_FORMAT = dwarf;
				ENABLE_STRICT_OBJC_MSGSEND = YES;
				ENABLE_TESTABILITY = YES;
				GCC_C_LANGUAGE_STANDARD = gnu11;
				GCC_DYNAMIC_NO_PIC = NO;
				GCC_NO_COMMON_BLOCKS = YES;
				GCC_OPTIMIZATION_LEVEL = 0;
				GCC_PREPROCESSOR_DEFINITIONS = (
					"DEBUG=1",
					"$(inherited)",
				);
				GCC_WARN_64_TO_32_BIT_CONVERSION = YES;
				GCC_WARN_ABOUT_RETURN_TYPE = YES_ERROR;
				GCC_WARN_UNDECLARED_SELECTOR = YES;
				GCC_WARN_UNINITIALIZED_AUTOS = YES_AGGRESSIVE;
				GCC_WARN_UNUSED_FUNCTION = YES;
				GCC_WARN_UNUSED_VARIABLE = YES;
				IPHONEOS_DEPLOYMENT_TARGET = 13.0;
				MTL_ENABLE_DEBUG_INFO = INCLUDE_SOURCE;
				MTL_FAST_MATH = YES;
				ONLY_ACTIVE_ARCH = YES;
				SDKROOT = iphoneos;
				SWIFT_ACTIVE_COMPILATION_CONDITIONS = DEBUG;
				SWIFT_OPTIMIZATION_LEVEL = "-Onone";
			};
			name = Debug;
		};
		42E198A42A64B78D00D21ACF /* Release */ = {
			isa = XCBuildConfiguration;
			buildSettings = {
				ALWAYS_SEARCH_USER_PATHS = NO;
				CLANG_ANALYZER_NONNULL = YES;
				CLANG_ANALYZER_NUMBER_OBJECT_CONVERSION = YES_AGGRESSIVE;
				CLANG_CXX_LANGUAGE_STANDARD = "gnu++20";
				CLANG_ENABLE_MODULES = YES;
				CLANG_ENABLE_OBJC_ARC = YES;
				CLANG_ENABLE_OBJC_WEAK = YES;
				CLANG_WARN_BLOCK_CAPTURE_AUTORELEASING = YES;
				CLANG_WARN_BOOL_CONVERSION = YES;
				CLANG_WARN_COMMA = YES;
				CLANG_WARN_CONSTANT_CONVERSION = YES;
				CLANG_WARN_DEPRECATED_OBJC_IMPLEMENTATIONS = YES;
				CLANG_WARN_DIRECT_OBJC_ISA_USAGE = YES_ERROR;
				CLANG_WARN_DOCUMENTATION_COMMENTS = YES;
				CLANG_WARN_EMPTY_BODY = YES;
				CLANG_WARN_ENUM_CONVERSION = YES;
				CLANG_WARN_INFINITE_RECURSION = YES;
				CLANG_WARN_INT_CONVERSION = YES;
				CLANG_WARN_NON_LITERAL_NULL_CONVERSION = YES;
				CLANG_WARN_OBJC_IMPLICIT_RETAIN_SELF = YES;
				CLANG_WARN_OBJC_LITERAL_CONVERSION = YES;
				CLANG_WARN_OBJC_ROOT_CLASS = YES_ERROR;
				CLANG_WARN_QUOTED_INCLUDE_IN_FRAMEWORK_HEADER = YES;
				CLANG_WARN_RANGE_LOOP_ANALYSIS = YES;
				CLANG_WARN_STRICT_PROTOTYPES = YES;
				CLANG_WARN_SUSPICIOUS_MOVE = YES;
				CLANG_WARN_UNGUARDED_AVAILABILITY = YES_AGGRESSIVE;
				CLANG_WARN_UNREACHABLE_CODE = YES;
				CLANG_WARN__DUPLICATE_METHOD_MATCH = YES;
				COPY_PHASE_STRIP = NO;
				DEBUG_INFORMATION_FORMAT = "dwarf-with-dsym";
				ENABLE_NS_ASSERTIONS = NO;
				ENABLE_STRICT_OBJC_MSGSEND = YES;
				GCC_C_LANGUAGE_STANDARD = gnu11;
				GCC_NO_COMMON_BLOCKS = YES;
				GCC_WARN_64_TO_32_BIT_CONVERSION = YES;
				GCC_WARN_ABOUT_RETURN_TYPE = YES_ERROR;
				GCC_WARN_UNDECLARED_SELECTOR = YES;
				GCC_WARN_UNINITIALIZED_AUTOS = YES_AGGRESSIVE;
				GCC_WARN_UNUSED_FUNCTION = YES;
				GCC_WARN_UNUSED_VARIABLE = YES;
				IPHONEOS_DEPLOYMENT_TARGET = 13.0;
				MTL_ENABLE_DEBUG_INFO = NO;
				MTL_FAST_MATH = YES;
				SDKROOT = iphoneos;
				SWIFT_COMPILATION_MODE = wholemodule;
				SWIFT_OPTIMIZATION_LEVEL = "-O";
				VALIDATE_PRODUCT = YES;
			};
			name = Release;
		};
		42E198A62A64B78D00D21ACF /* Debug */ = {
			isa = XCBuildConfiguration;
			buildSettings = {
				ASSETCATALOG_COMPILER_APPICON_NAME = AppIcon;
				ASSETCATALOG_COMPILER_GLOBAL_ACCENT_COLOR_NAME = AccentColor;
				CODE_SIGN_STYLE = Automatic;
				CURRENT_PROJECT_VERSION = 1;
				DEVELOPMENT_TEAM = DXHLAG9HB4;
				GENERATE_INFOPLIST_FILE = YES;
				INFOPLIST_FILE = AlertTutorial/Info.plist;
				INFOPLIST_KEY_UIApplicationSupportsIndirectInputEvents = YES;
				INFOPLIST_KEY_UILaunchStoryboardName = LaunchScreen;
				INFOPLIST_KEY_UISupportedInterfaceOrientations_iPad = "UIInterfaceOrientationPortrait UIInterfaceOrientationPortraitUpsideDown UIInterfaceOrientationLandscapeLeft UIInterfaceOrientationLandscapeRight";
				INFOPLIST_KEY_UISupportedInterfaceOrientations_iPhone = "UIInterfaceOrientationPortrait UIInterfaceOrientationLandscapeLeft UIInterfaceOrientationLandscapeRight";
				IPHONEOS_DEPLOYMENT_TARGET = 13.0;
				LD_RUNPATH_SEARCH_PATHS = (
					"$(inherited)",
					"@executable_path/Frameworks",
				);
				MARKETING_VERSION = 1.0;
				PRODUCT_BUNDLE_IDENTIFIER = com.codingwithcodebrah.AlertTutorial;
				PRODUCT_NAME = "$(TARGET_NAME)";
				SWIFT_EMIT_LOC_STRINGS = YES;
				SWIFT_VERSION = 5.0;
				TARGETED_DEVICE_FAMILY = "1,2";
			};
			name = Debug;
		};
		42E198A72A64B78D00D21ACF /* Release */ = {
			isa = XCBuildConfiguration;
			buildSettings = {
				ASSETCATALOG_COMPILER_APPICON_NAME = AppIcon;
				ASSETCATALOG_COMPILER_GLOBAL_ACCENT_COLOR_NAME = AccentColor;
				CODE_SIGN_STYLE = Automatic;
				CURRENT_PROJECT_VERSION = 1;
				DEVELOPMENT_TEAM = DXHLAG9HB4;
				GENERATE_INFOPLIST_FILE = YES;
				INFOPLIST_FILE = AlertTutorial/Info.plist;
				INFOPLIST_KEY_UIApplicationSupportsIndirectInputEvents = YES;
				INFOPLIST_KEY_UILaunchStoryboardName = LaunchScreen;
				INFOPLIST_KEY_UISupportedInterfaceOrientations_iPad = "UIInterfaceOrientationPortrait UIInterfaceOrientationPortraitUpsideDown UIInterfaceOrientationLandscapeLeft UIInterfaceOrientationLandscapeRight";
				INFOPLIST_KEY_UISupportedInterfaceOrientations_iPhone = "UIInterfaceOrientationPortrait UIInterfaceOrientationLandscapeLeft UIInterfaceOrientationLandscapeRight";
				IPHONEOS_DEPLOYMENT_TARGET = 13.0;
				LD_RUNPATH_SEARCH_PATHS = (
					"$(inherited)",
					"@executable_path/Frameworks",
				);
				MARKETING_VERSION = 1.0;
				PRODUCT_BUNDLE_IDENTIFIER = com.codingwithcodebrah.AlertTutorial;
				PRODUCT_NAME = "$(TARGET_NAME)";
				SWIFT_EMIT_LOC_STRINGS = YES;
				SWIFT_VERSION = 5.0;
				TARGETED_DEVICE_FAMILY = "1,2";
			};
			name = Release;
		};
/* End XCBuildConfiguration section */

/* Begin XCConfigurationList section */
		42E1988C2A64B78B00D21ACF /* Build configuration list for PBXProject "AlertTutorial" */ = {
			isa = XCConfigurationList;
			buildConfigurations = (
				42E198A32A64B78D00D21ACF /* Debug */,
				42E198A42A64B78D00D21ACF /* Release */,
			);
			defaultConfigurationIsVisible = 0;
			defaultConfigurationName = Release;
		};
		42E198A52A64B78D00D21ACF /* Build configuration list for PBXNativeTarget "AlertTutorial" */ = {
			isa = XCConfigurationList;
			buildConfigurations = (
				42E198A62A64B78D00D21ACF /* Debug */,
				42E198A72A64B78D00D21ACF /* Release */,
			);
			defaultConfigurationIsVisible = 0;
			defaultConfigurationName = Release;
		};
/* End XCConfigurationList section */
	};
	rootObject = 42E198892A64B78B00D21ACF /* Project object */;
}
